
Microsoft Visual Studio Solution File, Format Version 12.00
# Visual Studio Version 16
VisualStudioVersion = 16.0.34902.97
MinimumVisualStudioVersion = 10.0.40219.1
Project("{FAE04EC0-301F-11D3-BF4B-00C04F79EFBC}") = "Assignments", "Assignments\Assignments.csproj", "{7A210E72-1587-46B1-9BDD-99BA388DD5CA}"
EndProject
Global
	GlobalSection(SolutionConfigurationPlatforms) = preSolution
		Debug|Any CPU = Debug|Any CPU
		Release|Any CPU = Release|Any CPU
	EndGlobalSection
	GlobalSection(ProjectConfigurationPlatforms) = postSolution
		{7A210E72-1587-46B1-9BDD-99BA388DD5CA}.Debug|Any CPU.ActiveCfg = Debug|Any CPU
		{7A210E72-1587-46B1-9BDD-99BA388DD5CA}.Debug|Any CPU.Build.0 = Debug|Any CPU
		{7A210E72-1587-46B1-9BDD-99BA388DD5CA}.Release|Any CPU.ActiveCfg = Release|Any CPU
		{7A210E72-1587-46B1-9BDD-99BA388DD5CA}.Release|Any CPU.Build.0 = Release|Any CPU
	EndGlobalSection
	GlobalSection(SolutionProperties) = preSolution
		HideSolutionNode = FALSE
	EndGlobalSection
	GlobalSection(ExtensibilityGlobals) = postSolution
		SolutionGuid = {39677F3F-146B-4DE8-94AF-D30A3F4509CD}
	EndGlobalSection
EndGlobal
