
Microsoft Visual Studio Solution File, Format Version 12.00
# Visual Studio Version 16
VisualStudioVersion = 16.0.34902.97
MinimumVisualStudioVersion = 10.0.40219.1
Project("{FAE04EC0-301F-11D3-BF4B-00C04F79EFBC}") = "CC3", "CC3\CC3.csproj", "{0A7D6645-40C3-4AFD-A003-2C3ADC9065A6}"
EndProject
Global
	GlobalSection(SolutionConfigurationPlatforms) = preSolution
		Debug|Any CPU = Debug|Any CPU
		Release|Any CPU = Release|Any CPU
	EndGlobalSection
	GlobalSection(ProjectConfigurationPlatforms) = postSolution
		{0A7D6645-40C3-4AFD-A003-2C3ADC9065A6}.Debug|Any CPU.ActiveCfg = Debug|Any CPU
		{0A7D6645-40C3-4AFD-A003-2C3ADC9065A6}.Debug|Any CPU.Build.0 = Debug|Any CPU
		{0A7D6645-40C3-4AFD-A003-2C3ADC9065A6}.Release|Any CPU.ActiveCfg = Release|Any CPU
		{0A7D6645-40C3-4AFD-A003-2C3ADC9065A6}.Release|Any CPU.Build.0 = Release|Any CPU
	EndGlobalSection
	GlobalSection(SolutionProperties) = preSolution
		HideSolutionNode = FALSE
	EndGlobalSection
	GlobalSection(ExtensibilityGlobals) = postSolution
		SolutionGuid = {E97B73E0-8AB1-4DDC-8D32-6E779943BA5F}
	EndGlobalSection
EndGlobal
