
Microsoft Visual Studio Solution File, Format Version 12.00
# Visual Studio Version 16
VisualStudioVersion = 16.0.34902.97
MinimumVisualStudioVersion = 10.0.40219.1
Project("{FAE04EC0-301F-11D3-BF4B-00C04F79EFBC}") = "CC1", "CC1\CC1.csproj", "{B2260DC6-B671-498E-B6AF-F55CE9F089D2}"
EndProject
Global
	GlobalSection(SolutionConfigurationPlatforms) = preSolution
		Debug|Any CPU = Debug|Any CPU
		Release|Any CPU = Release|Any CPU
	EndGlobalSection
	GlobalSection(ProjectConfigurationPlatforms) = postSolution
		{B2260DC6-B671-498E-B6AF-F55CE9F089D2}.Debug|Any CPU.ActiveCfg = Debug|Any CPU
		{B2260DC6-B671-498E-B6AF-F55CE9F089D2}.Debug|Any CPU.Build.0 = Debug|Any CPU
		{B2260DC6-B671-498E-B6AF-F55CE9F089D2}.Release|Any CPU.ActiveCfg = Release|Any CPU
		{B2260DC6-B671-498E-B6AF-F55CE9F089D2}.Release|Any CPU.Build.0 = Release|Any CPU
	EndGlobalSection
	GlobalSection(SolutionProperties) = preSolution
		HideSolutionNode = FALSE
	EndGlobalSection
	GlobalSection(ExtensibilityGlobals) = postSolution
		SolutionGuid = {AE6375CA-0B03-45EA-B1BF-C67BA7C3C358}
	EndGlobalSection
EndGlobal
