
Microsoft Visual Studio Solution File, Format Version 12.00
# Visual Studio Version 16
VisualStudioVersion = 16.0.34902.97
MinimumVisualStudioVersion = 10.0.40219.1
Project("{FAE04EC0-301F-11D3-BF4B-00C04F79EFBC}") = "Assignment-6", "Assignment-6\Assignment-6.csproj", "{064DEF0C-DDBA-43F8-8289-A93F2BA7A54E}"
EndProject
Global
	GlobalSection(SolutionConfigurationPlatforms) = preSolution
		Debug|Any CPU = Debug|Any CPU
		Release|Any CPU = Release|Any CPU
	EndGlobalSection
	GlobalSection(ProjectConfigurationPlatforms) = postSolution
		{064DEF0C-DDBA-43F8-8289-A93F2BA7A54E}.Debug|Any CPU.ActiveCfg = Debug|Any CPU
		{064DEF0C-DDBA-43F8-8289-A93F2BA7A54E}.Debug|Any CPU.Build.0 = Debug|Any CPU
		{064DEF0C-DDBA-43F8-8289-A93F2BA7A54E}.Release|Any CPU.ActiveCfg = Release|Any CPU
		{064DEF0C-DDBA-43F8-8289-A93F2BA7A54E}.Release|Any CPU.Build.0 = Release|Any CPU
	EndGlobalSection
	GlobalSection(SolutionProperties) = preSolution
		HideSolutionNode = FALSE
	EndGlobalSection
	GlobalSection(ExtensibilityGlobals) = postSolution
		SolutionGuid = {4D7DA328-8950-4139-9A78-5977BC5C1A9D}
	EndGlobalSection
EndGlobal
