
Microsoft Visual Studio Solution File, Format Version 12.00
# Visual Studio Version 16
VisualStudioVersion = 16.0.35026.282
MinimumVisualStudioVersion = 10.0.40219.1
Project("{FAE04EC0-301F-11D3-BF4B-00C04F79EFBC}") = "CC_WebAPI", "CC_WebAPI\CC_WebAPI.csproj", "{505FCE8B-DBCE-4DA1-9F02-2CA5ED5754A1}"
EndProject
Global
	GlobalSection(SolutionConfigurationPlatforms) = preSolution
		Debug|Any CPU = Debug|Any CPU
		Release|Any CPU = Release|Any CPU
	EndGlobalSection
	GlobalSection(ProjectConfigurationPlatforms) = postSolution
		{505FCE8B-DBCE-4DA1-9F02-2CA5ED5754A1}.Debug|Any CPU.ActiveCfg = Debug|Any CPU
		{505FCE8B-DBCE-4DA1-9F02-2CA5ED5754A1}.Debug|Any CPU.Build.0 = Debug|Any CPU
		{505FCE8B-DBCE-4DA1-9F02-2CA5ED5754A1}.Release|Any CPU.ActiveCfg = Release|Any CPU
		{505FCE8B-DBCE-4DA1-9F02-2CA5ED5754A1}.Release|Any CPU.Build.0 = Release|Any CPU
	EndGlobalSection
	GlobalSection(SolutionProperties) = preSolution
		HideSolutionNode = FALSE
	EndGlobalSection
	GlobalSection(ExtensibilityGlobals) = postSolution
		SolutionGuid = {56071535-F7D0-4D92-9CC5-029BEAED7B4A}
	EndGlobalSection
EndGlobal
